#MicroXplorer Configuration settings - do not modify
CAD.formats=
CAD.pinconfig=
CAD.provider=
CORTEX_M7.CPU_DCache=Enabled
CORTEX_M7.CPU_ICache=Enabled
CORTEX_M7.IPParameters=CPU_ICache,CPU_DCache
CortexM4.IPs=FATFS_M4\:I,FREERTOS_M4\:I,IWDG2\:I,RCC,WWDG2\:I,DMA,BDMA,MDMA,NVIC2\:I,DEBUG,USB_DEVICE_M4\:I,USB_HOST_M4\:I,PDM2PCM_M4\:I,PWR,RESMGR_UTILITY,SYS_M4\:I,CORTEX_M4\:I,OPENAMP_M4\:I,VREFBUF,GPIO
CortexM7.IPs=FATFS_M7\:I,FREERTOS_M7\:I,IWDG1\:I,RCC\:I,WWDG1\:I,DMA\:I,BDMA\:I,MDMA\:I,NVIC1\:I,SYS\:I,USART3\:I,CORTEX_M7\:I,DEBUG\:I,USB_DEVICE_M7\:I,USB_HOST_M7\:I,PDM2PCM_M7\:I,PWR\:I,RESMGR_UTILITY\:I,OPENAMP_M7\:I,VREFBUF\:I,GPIO\:I,LPTIM1\:I,TIM6\:I,USART2\:I,SDMMC1\:I,RNG\:I,MBEDTLS\:I,Infineon.AIROC-Wi-Fi-Bluetooth-STM32.1.8.0_M7\:I
CortexM7.Pins=PG8,PD0,PD1
Dma.Request0=USART2_RX
Dma.Request1=USART2_TX
Dma.RequestsNb=2
Dma.USART2_RX.0.Direction=DMA_PERIPH_TO_MEMORY
Dma.USART2_RX.0.EventEnable=DISABLE
Dma.USART2_RX.0.FIFOMode=DMA_FIFOMODE_DISABLE
Dma.USART2_RX.0.Instance=DMA1_Stream0
Dma.USART2_RX.0.MemDataAlignment=DMA_MDATAALIGN_BYTE
Dma.USART2_RX.0.MemInc=DMA_MINC_ENABLE
Dma.USART2_RX.0.Mode=DMA_NORMAL
Dma.USART2_RX.0.PeriphDataAlignment=DMA_PDATAALIGN_BYTE
Dma.USART2_RX.0.PeriphInc=DMA_PINC_DISABLE
Dma.USART2_RX.0.Polarity=HAL_DMAMUX_REQ_GEN_RISING
Dma.USART2_RX.0.Priority=DMA_PRIORITY_LOW
Dma.USART2_RX.0.RequestNumber=1
Dma.USART2_RX.0.RequestParameters=Instance,Direction,PeriphInc,MemInc,PeriphDataAlignment,MemDataAlignment,Mode,Priority,FIFOMode,SignalID,Polarity,RequestNumber,SyncSignalID,SyncPolarity,SyncEnable,EventEnable,SyncRequestNumber
Dma.USART2_RX.0.SignalID=NONE
Dma.USART2_RX.0.SyncEnable=DISABLE
Dma.USART2_RX.0.SyncPolarity=HAL_DMAMUX_SYNC_NO_EVENT
Dma.USART2_RX.0.SyncRequestNumber=1
Dma.USART2_RX.0.SyncSignalID=NONE
Dma.USART2_TX.1.Direction=DMA_MEMORY_TO_PERIPH
Dma.USART2_TX.1.EventEnable=DISABLE
Dma.USART2_TX.1.FIFOMode=DMA_FIFOMODE_DISABLE
Dma.USART2_TX.1.Instance=DMA1_Stream1
Dma.USART2_TX.1.MemDataAlignment=DMA_MDATAALIGN_BYTE
Dma.USART2_TX.1.MemInc=DMA_MINC_ENABLE
Dma.USART2_TX.1.Mode=DMA_NORMAL
Dma.USART2_TX.1.PeriphDataAlignment=DMA_PDATAALIGN_BYTE
Dma.USART2_TX.1.PeriphInc=DMA_PINC_DISABLE
Dma.USART2_TX.1.Polarity=HAL_DMAMUX_REQ_GEN_RISING
Dma.USART2_TX.1.Priority=DMA_PRIORITY_LOW
Dma.USART2_TX.1.RequestNumber=1
Dma.USART2_TX.1.RequestParameters=Instance,Direction,PeriphInc,MemInc,PeriphDataAlignment,MemDataAlignment,Mode,Priority,FIFOMode,SignalID,Polarity,RequestNumber,SyncSignalID,SyncPolarity,SyncEnable,EventEnable,SyncRequestNumber
Dma.USART2_TX.1.SignalID=NONE
Dma.USART2_TX.1.SyncEnable=DISABLE
Dma.USART2_TX.1.SyncPolarity=HAL_DMAMUX_SYNC_NO_EVENT
Dma.USART2_TX.1.SyncRequestNumber=1
Dma.USART2_TX.1.SyncSignalID=NONE
FREERTOS_M7.FootprintOK=true
FREERTOS_M7.IPParameters=Tasks01,configMINIMAL_STACK_SIZE,configTOTAL_HEAP_SIZE,FootprintOK,configUSE_NEWLIB_REENTRANT
FREERTOS_M7.Tasks01=ConsoleTask,24,2048,console_task,As weak,NULL,Dynamic,NULL,NULL
FREERTOS_M7.configMINIMAL_STACK_SIZE=2048
FREERTOS_M7.configTOTAL_HEAP_SIZE=0x10000
FREERTOS_M7.configUSE_NEWLIB_REENTRANT=0
File.Version=6
GPIO.groupedBy=Group By Peripherals
Infineon.AIROC-Wi-Fi-Bluetooth-STM32.1.8.0_M7.COMMAND_CONSOLE_UART_RX=PD9
Infineon.AIROC-Wi-Fi-Bluetooth-STM32.1.8.0_M7.COMMAND_CONSOLE_UART_TX=PD8
Infineon.AIROC-Wi-Fi-Bluetooth-STM32.1.8.0_M7.CYBSP_BT_POWER=PG8
Infineon.AIROC-Wi-Fi-Bluetooth-STM32.1.8.0_M7.CYBSP_BT_UART_CTS=PD3
Infineon.AIROC-Wi-Fi-Bluetooth-STM32.1.8.0_M7.CYBSP_BT_UART_RTS=PD4
Infineon.AIROC-Wi-Fi-Bluetooth-STM32.1.8.0_M7.CYBSP_BT_UART_RX=PD6
Infineon.AIROC-Wi-Fi-Bluetooth-STM32.1.8.0_M7.CYBSP_BT_UART_TX=PD5
Infineon.AIROC-Wi-Fi-Bluetooth-STM32.1.8.0_M7.CYBSP_WIFI_WL_REG_ON=PD0
Infineon.AIROC-Wi-Fi-Bluetooth-STM32.1.8.0_M7.CY_WIFI_COUNTRY=WHD_COUNTRY_UNITED_STATES
Infineon.AIROC-Wi-Fi-Bluetooth-STM32.1.8.0_M7.ConnectivityCcWirelessJjBluetoothJjbtstack=BLEIiHARDFP
Infineon.AIROC-Wi-Fi-Bluetooth-STM32.1.8.0_M7.ConnectivityCcWirelessJjBluetoothJjbtstackAaintegration=true
Infineon.AIROC-Wi-Fi-Bluetooth-STM32.1.8.0_M7.ConnectivityCcWirelessJjMfgToolsJjcommandAaconsole=true
Infineon.AIROC-Wi-Fi-Bluetooth-STM32.1.8.0_M7.ConnectivityCcWirelessJjPlatformJjabstractionAartos=FreeRTOS
Infineon.AIROC-Wi-Fi-Bluetooth-STM32.1.8.0_M7.ConnectivityCcWirelessJjPlatformJjdevice=CYW43012
Infineon.AIROC-Wi-Fi-Bluetooth-STM32.1.8.0_M7.ConnectivityCcWirelessJjPlatformJjmodule=MURATAAa1LV
Infineon.AIROC-Wi-Fi-Bluetooth-STM32.1.8.0_M7.ConnectivityCcWirelessJjPlatformJjpal=true
Infineon.AIROC-Wi-Fi-Bluetooth-STM32.1.8.0_M7.ConnectivityCcWirelessJjWifiJjLwIP=true
Infineon.AIROC-Wi-Fi-Bluetooth-STM32.1.8.0_M7.ConnectivityCcWirelessJjWifiJjconnectivityAautilities=true
Infineon.AIROC-Wi-Fi-Bluetooth-STM32.1.8.0_M7.ConnectivityCcWirelessJjWifiJjnetworkAainterface=LWIP
Infineon.AIROC-Wi-Fi-Bluetooth-STM32.1.8.0_M7.ConnectivityCcWirelessJjWifiJjsecureAasockets=true
Infineon.AIROC-Wi-Fi-Bluetooth-STM32.1.8.0_M7.ConnectivityCcWirelessJjWifiJjwcm=WCM
Infineon.AIROC-Wi-Fi-Bluetooth-STM32.1.8.0_M7.ConnectivityCcWirelessJjWifiJjwhdAabspAaintegration=true
Infineon.AIROC-Wi-Fi-Bluetooth-STM32.1.8.0_M7.ConnectivityCcWirelessJjWifiJjwifiAahostAadriver=true
Infineon.AIROC-Wi-Fi-Bluetooth-STM32.1.8.0_M7.IPParameters=CY_WIFI_COUNTRY,CYBSP_WIFI_WL_REG_ON,CYBSP_BT_POWER,CYBSP_BT_UART_TX,CYBSP_BT_UART_RX,CYBSP_BT_UART_RTS,CYBSP_BT_UART_CTS,COMMAND_CONSOLE_UART_TX,COMMAND_CONSOLE_UART_RX,ConnectivityCcWirelessJjBluetoothJjbtstackAaintegration,ConnectivityCcWirelessJjWifiJjwhdAabspAaintegration,ConnectivityCcWirelessJjMfgToolsJjcommandAaconsole,ConnectivityCcWirelessJjWifiJjconnectivityAautilities,ConnectivityCcWirelessJjWifiJjwcm,ConnectivityCcWirelessJjWifiJjLwIP,ConnectivityCcWirelessJjWifiJjwifiAahostAadriver,ConnectivityCcWirelessJjPlatformJjabstractionAartos,ConnectivityCcWirelessJjWifiJjsecureAasockets,ConnectivityCcWirelessJjPlatformJjmodule,ConnectivityCcWirelessJjWifiJjnetworkAainterface,ConnectivityCcWirelessJjPlatformJjdevice,ConnectivityCcWirelessJjPlatformJjpal,ConnectivityCcWirelessJjBluetoothJjbtstack
Infineon.AIROC-Wi-Fi-Bluetooth-STM32.1.8.0_M7.WirelessJjConnectivity_Checked=true
Infineon.AIROC-Wi-Fi-Bluetooth-STM32.1.8.0_M7_SwParameter=ConnectivityCcWirelessJjBluetoothJjbtstackAaintegration\:true;ConnectivityCcWirelessJjWifiJjwhdAabspAaintegration\:true;ConnectivityCcWirelessJjMfgToolsJjcommandAaconsole\:true;ConnectivityCcWirelessJjWifiJjconnectivityAautilities\:true;ConnectivityCcWirelessJjWifiJjwcm\:WCM;ConnectivityCcWirelessJjWifiJjLwIP\:true;ConnectivityCcWirelessJjWifiJjwifiAahostAadriver\:true;ConnectivityCcWirelessJjPlatformJjabstractionAartos\:FreeRTOS;ConnectivityCcWirelessJjWifiJjsecureAasockets\:true;ConnectivityCcWirelessJjPlatformJjmodule\:MURATAAa1LV;ConnectivityCcWirelessJjWifiJjnetworkAainterface\:LWIP;ConnectivityCcWirelessJjPlatformJjdevice\:CYW43012;ConnectivityCcWirelessJjPlatformJjpal\:true;ConnectivityCcWirelessJjBluetoothJjbtstack\:BLEIiHARDFP;
KeepUserPlacement=false
MBEDTLS.IPParameters=MBEDTLS_PLATFORM_TIME_ALT,MBEDTLS_SSL_CLI_C,MBEDTLS_SSL_SRV_C,MBEDTLS_RNG_IP,MBEDTLS_PSK_MAX_LEN_ENABLE,MBEDTLS_SSL_IN_CONTENT_LEN_ENABLE,MBEDTLS_SSL_MAX_FRAGMENT_LENGTH
MBEDTLS.MBEDTLS_PLATFORM_TIME_ALT=1
MBEDTLS.MBEDTLS_PSK_MAX_LEN_ENABLE=0
MBEDTLS.MBEDTLS_RNG_IP=CUSTOM_RNG
MBEDTLS.MBEDTLS_SSL_CLI_C=1
MBEDTLS.MBEDTLS_SSL_IN_CONTENT_LEN_ENABLE=0
MBEDTLS.MBEDTLS_SSL_MAX_FRAGMENT_LENGTH=1
MBEDTLS.MBEDTLS_SSL_SRV_C=1
Mcu.CPN=STM32H745ZIT3
Mcu.Context0=CortexM7
Mcu.Context1=CortexM4
Mcu.ContextNb=2
Mcu.Family=STM32H7
Mcu.IP0=CORTEX_M4
Mcu.IP1=CORTEX_M7
Mcu.IP10=SDMMC1
Mcu.IP11=SYS
Mcu.IP12=SYS_M4
Mcu.IP13=USART2
Mcu.IP14=USART3
Mcu.IP2=DMA
Mcu.IP3=FREERTOS_M7
Mcu.IP4=LPTIM1
Mcu.IP5=MBEDTLS
Mcu.IP6=NVIC1
Mcu.IP7=NVIC2
Mcu.IP8=RCC
Mcu.IP9=RNG
Mcu.IPNb=15
Mcu.Name=STM32H745ZITx
Mcu.Package=LQFP144
Mcu.Pin0=PC13
Mcu.Pin1=PC14-OSC32_IN (OSC32_IN)
Mcu.Pin10=PC5
Mcu.Pin11=PB0
Mcu.Pin12=PB13
Mcu.Pin13=PB14
Mcu.Pin14=PD8
Mcu.Pin15=PD9
Mcu.Pin16=PD10
Mcu.Pin17=PG7
Mcu.Pin18=PG8
Mcu.Pin19=PC8
Mcu.Pin2=PC15-OSC32_OUT (OSC32_OUT)
Mcu.Pin20=PC9
Mcu.Pin21=PA8
Mcu.Pin22=PA9
Mcu.Pin23=PA11
Mcu.Pin24=PA12
Mcu.Pin25=PC10
Mcu.Pin26=PC11
Mcu.Pin27=PC12
Mcu.Pin28=PD0
Mcu.Pin29=PD1
Mcu.Pin3=PH0-OSC_IN (PH0)
Mcu.Pin30=PD2
Mcu.Pin31=PD3
Mcu.Pin32=PD4
Mcu.Pin33=PD5
Mcu.Pin34=PD6
Mcu.Pin35=PG11
Mcu.Pin36=PG13
Mcu.Pin37=PE1
Mcu.Pin38=VP_FREERTOS_M7_VS_CMSIS_V2
Mcu.Pin39=VP_LPTIM1_VS_LPTIM_counterModeInternalClock
Mcu.Pin4=PH1-OSC_OUT (PH1)
Mcu.Pin40=VP_MBEDTLS_VS_MBEDTLS
Mcu.Pin41=VP_RNG_VS_RNG
Mcu.Pin42=VP_SYS_VS_tim6
Mcu.Pin43=VP_SYS_M4_VS_Systick
Mcu.Pin44=VP_Infineon.AIROC-Wi-Fi-Bluetooth-STM32_M7_VS_WirelessJjConnectivity_1.8.0_1.8.0
Mcu.Pin5=PC1
Mcu.Pin6=PA1
Mcu.Pin7=PA2
Mcu.Pin8=PA7
Mcu.Pin9=PC4
Mcu.PinsNb=45
Mcu.ThirdParty0=Infineon.AIROC-Wi-Fi-Bluetooth-STM32.1.8.0
Mcu.ThirdParty0_ContextShortName=M7
Mcu.ThirdParty0_Instance=Infineon.AIROC-Wi-Fi-Bluetooth-STM32.1.8.0_M7
Mcu.ThirdPartyNb=1
Mcu.UserConstants=
Mcu.UserName=STM32H745ZITx
MxCube.Version=6.12.1
MxDb.Version=DB.6.0.121
NVIC1.BusFault_IRQn=true\:0\:0\:false\:false\:true\:false\:false\:false\:false
NVIC1.DMA1_Stream0_IRQn=true\:5\:0\:false\:false\:true\:true\:false\:true\:true
NVIC1.DMA1_Stream1_IRQn=true\:5\:0\:false\:false\:true\:true\:false\:true\:true
NVIC1.DebugMonitor_IRQn=true\:0\:0\:false\:false\:true\:false\:false\:false\:false
NVIC1.ForceEnableDMAVector=true
NVIC1.HardFault_IRQn=true\:0\:0\:false\:false\:true\:false\:false\:false\:false
NVIC1.LPTIM1_IRQn=true\:5\:0\:false\:false\:true\:true\:true\:true\:true
NVIC1.MemoryManagement_IRQn=true\:0\:0\:false\:false\:true\:false\:false\:false\:false
NVIC1.NonMaskableInt_IRQn=true\:0\:0\:false\:false\:true\:false\:false\:false\:false
NVIC1.PendSV_IRQn=true\:15\:0\:false\:false\:false\:true\:false\:false\:false
NVIC1.PriorityGroup=NVIC_PRIORITYGROUP_4
NVIC1.SVCall_IRQn=true\:0\:0\:false\:false\:false\:false\:false\:false\:false
NVIC1.SavedPendsvIrqHandlerGenerated=true
NVIC1.SavedSvcallIrqHandlerGenerated=true
NVIC1.SavedSystickIrqHandlerGenerated=true
NVIC1.SysTick_IRQn=true\:15\:0\:false\:false\:false\:true\:false\:true\:false
NVIC1.TIM6_DAC_IRQn=true\:15\:0\:false\:false\:true\:false\:false\:true\:true
NVIC1.TimeBase=TIM6_DAC_IRQn
NVIC1.TimeBaseIP=TIM6
NVIC1.USART2_IRQn=true\:5\:0\:false\:false\:true\:true\:true\:true\:true
NVIC1.UsageFault_IRQn=true\:0\:0\:false\:false\:true\:false\:false\:false\:false
NVIC2.BusFault_IRQn=true\:0\:0\:false\:false\:true\:false\:false\:false
NVIC2.DebugMonitor_IRQn=true\:0\:0\:false\:false\:true\:false\:false\:false
NVIC2.ForceEnableDMAVector=true
NVIC2.HardFault_IRQn=true\:0\:0\:false\:false\:true\:false\:false\:false
NVIC2.MemoryManagement_IRQn=true\:0\:0\:false\:false\:true\:false\:false\:false
NVIC2.NonMaskableInt_IRQn=true\:0\:0\:false\:false\:true\:false\:false\:false
NVIC2.PendSV_IRQn=true\:0\:0\:false\:false\:true\:false\:false\:false
NVIC2.PriorityGroup=NVIC_PRIORITYGROUP_4
NVIC2.SVCall_IRQn=true\:0\:0\:false\:false\:true\:false\:false\:false
NVIC2.SysTick_IRQn=true\:0\:0\:false\:false\:true\:false\:true\:false
NVIC2.UsageFault_IRQn=true\:0\:0\:false\:false\:true\:false\:false\:false
PA1.GPIOParameters=PinAttribute
PA1.Locked=true
PA1.PinAttribute=CortexM7
PA1.Signal=ETH_REF_CLK
PA11.GPIOParameters=PinAttribute
PA11.Locked=true
PA11.PinAttribute=CortexM7
PA11.Signal=USB_OTG_FS_DM
PA12.GPIOParameters=PinAttribute
PA12.Locked=true
PA12.PinAttribute=CortexM7
PA12.Signal=USB_OTG_FS_DP
PA2.GPIOParameters=PinAttribute
PA2.Locked=true
PA2.PinAttribute=CortexM7
PA2.Signal=ETH_MDIO
PA7.GPIOParameters=PinAttribute
PA7.Locked=true
PA7.PinAttribute=CortexM7
PA7.Signal=ETH_CRS_DV
PA8.GPIOParameters=PinAttribute
PA8.Locked=true
PA8.PinAttribute=CortexM7
PA8.Signal=USB_OTG_FS_SOF
PA9.GPIOParameters=PinAttribute
PA9.Locked=true
PA9.PinAttribute=CortexM7
PA9.Signal=USB_OTG_FS_VBUS
PB0.GPIOParameters=GPIO_Label,PinAttribute
PB0.GPIO_Label=LD1 [Green Led]
PB0.Locked=true
PB0.PinAttribute=Free
PB0.Signal=GPIO_Output
PB13.GPIOParameters=PinAttribute
PB13.Locked=true
PB13.PinAttribute=CortexM7
PB13.Signal=ETH_TXD1
PB14.GPIOParameters=GPIO_Label,PinAttribute
PB14.GPIO_Label=LD3 [Red Led]
PB14.Locked=true
PB14.PinAttribute=Free
PB14.Signal=GPIO_Output
PC1.GPIOParameters=PinAttribute
PC1.Locked=true
PC1.PinAttribute=CortexM7
PC1.Signal=ETH_MDC
PC10.GPIOParameters=PinAttribute
PC10.Mode=SD_4_bits_Wide_bus
PC10.PinAttribute=CortexM7
PC10.Signal=SDMMC1_D2
PC11.GPIOParameters=PinAttribute
PC11.Mode=SD_4_bits_Wide_bus
PC11.PinAttribute=CortexM7
PC11.Signal=SDMMC1_D3
PC12.GPIOParameters=PinAttribute
PC12.Mode=SD_4_bits_Wide_bus
PC12.PinAttribute=CortexM7
PC12.Signal=SDMMC1_CK
PC13.GPIOParameters=GPIO_Label,PinAttribute
PC13.GPIO_Label=B1 [Blue PushButton]
PC13.Locked=true
PC13.PinAttribute=Free
PC13.Signal=GPIO_Input
PC14-OSC32_IN\ (OSC32_IN).GPIOParameters=PinAttribute
PC14-OSC32_IN\ (OSC32_IN).Locked=true
PC14-OSC32_IN\ (OSC32_IN).Mode=LSE-External-Oscillator
PC14-OSC32_IN\ (OSC32_IN).PinAttribute=CortexM7
PC14-OSC32_IN\ (OSC32_IN).Signal=RCC_OSC32_IN
PC15-OSC32_OUT\ (OSC32_OUT).GPIOParameters=PinAttribute
PC15-OSC32_OUT\ (OSC32_OUT).Locked=true
PC15-OSC32_OUT\ (OSC32_OUT).Mode=LSE-External-Oscillator
PC15-OSC32_OUT\ (OSC32_OUT).PinAttribute=CortexM7
PC15-OSC32_OUT\ (OSC32_OUT).Signal=RCC_OSC32_OUT
PC4.GPIOParameters=PinAttribute
PC4.Locked=true
PC4.PinAttribute=CortexM7
PC4.Signal=ETH_RXD0
PC5.GPIOParameters=PinAttribute
PC5.Locked=true
PC5.PinAttribute=CortexM7
PC5.Signal=ETH_RXD1
PC8.GPIOParameters=PinAttribute
PC8.Mode=SD_4_bits_Wide_bus
PC8.PinAttribute=CortexM7
PC8.Signal=SDMMC1_D0
PC9.GPIOParameters=PinAttribute
PC9.Mode=SD_4_bits_Wide_bus
PC9.PinAttribute=CortexM7
PC9.Signal=SDMMC1_D1
PD0.ContextOwner=CortexM7
PD0.GPIOParameters=GPIO_Label,PinAttribute
PD0.GPIO_Label=WIFI_WL_REG_ON
PD0.Locked=true
PD0.PinAttribute=CortexM7
PD0.Signal=GPIO_Output
PD1.ContextOwner=CortexM7
PD1.GPIOParameters=GPIO_Label,PinAttribute
PD1.GPIO_Label=WIFI_WL_HOST_WAKE
PD1.Locked=true
PD1.PinAttribute=CortexM7
PD1.Signal=GPXTI1
PD10.GPIOParameters=GPIO_Label,PinAttribute
PD10.GPIO_Label=USB_OTG_FS_PWR_EN
PD10.Locked=true
PD10.PinAttribute=Free
PD10.Signal=GPIO_Output
PD2.GPIOParameters=PinAttribute
PD2.Mode=SD_4_bits_Wide_bus
PD2.PinAttribute=CortexM7
PD2.Signal=SDMMC1_CMD
PD3.GPIOParameters=PinAttribute
PD3.Locked=true
PD3.Mode=CTS_RTS
PD3.PinAttribute=CortexM7
PD3.Signal=USART2_CTS
PD4.GPIOParameters=PinAttribute
PD4.Locked=true
PD4.Mode=CTS_RTS
PD4.PinAttribute=CortexM7
PD4.Signal=USART2_RTS
PD5.GPIOParameters=PinAttribute
PD5.Mode=Asynchronous
PD5.PinAttribute=CortexM7
PD5.Signal=USART2_TX
PD6.GPIOParameters=PinAttribute
PD6.Locked=true
PD6.Mode=Asynchronous
PD6.PinAttribute=CortexM7
PD6.Signal=USART2_RX
PD8.GPIOParameters=GPIO_Label,PinAttribute
PD8.GPIO_Label=STLINK_RX
PD8.Locked=true
PD8.Mode=Asynchronous
PD8.PinAttribute=CortexM7
PD8.Signal=USART3_TX
PD9.GPIOParameters=GPIO_Label,PinAttribute
PD9.GPIO_Label=STLINK_TX
PD9.Locked=true
PD9.Mode=Asynchronous
PD9.PinAttribute=CortexM7
PD9.Signal=USART3_RX
PE1.GPIOParameters=GPIO_Label,PinAttribute
PE1.GPIO_Label=LD2 [Yellow Led]
PE1.Locked=true
PE1.PinAttribute=Free
PE1.Signal=GPIO_Output
PG11.GPIOParameters=PinAttribute
PG11.Locked=true
PG11.PinAttribute=CortexM7
PG11.Signal=ETH_TX_EN
PG13.GPIOParameters=PinAttribute
PG13.Locked=true
PG13.PinAttribute=CortexM7
PG13.Signal=ETH_TXD0
PG7.GPIOParameters=GPIO_Label,PinAttribute
PG7.GPIO_Label=USB_OTG_FS_OVCR
PG7.Locked=true
PG7.PinAttribute=Free
PG7.Signal=GPXTI7
PG8.ContextOwner=CortexM7
PG8.GPIOParameters=GPIO_Label,PinAttribute
PG8.GPIO_Label=CYBSP_BT_POWER
PG8.Locked=true
PG8.PinAttribute=CortexM7
PG8.Signal=GPIO_Output
PH0-OSC_IN\ (PH0).GPIOParameters=PinAttribute
PH0-OSC_IN\ (PH0).Locked=true
PH0-OSC_IN\ (PH0).Mode=HSE-External-Clock-Source
PH0-OSC_IN\ (PH0).PinAttribute=CortexM7
PH0-OSC_IN\ (PH0).Signal=RCC_OSC_IN
PH1-OSC_OUT\ (PH1).GPIOParameters=PinAttribute
PH1-OSC_OUT\ (PH1).Locked=true
PH1-OSC_OUT\ (PH1).PinAttribute=CortexM7
PH1-OSC_OUT\ (PH1).Signal=RCC_OSC_OUT
PinOutPanel.RotationAngle=0
ProjectManager.AskForMigrate=true
ProjectManager.BackupPrevious=false
ProjectManager.BootMode=boot0
ProjectManager.CompilerOptimize=6
ProjectManager.ComputerToolchain=false
ProjectManager.CoupleFile=false
ProjectManager.CustomerFirmwarePackage=
ProjectManager.DefaultFWLocation=true
ProjectManager.DeletePrevious=true
ProjectManager.DeviceId=STM32H745ZITx
ProjectManager.FirmwarePackage=STM32Cube FW_H7 V1.12.1
ProjectManager.FreePins=false
ProjectManager.HalAssertFull=false
ProjectManager.HeapSize=M4-0x200,M7-0x15000
ProjectManager.KeepUserCode=true
ProjectManager.LastFirmware=true
ProjectManager.LibraryCopy=0
ProjectManager.MainLocation=Core/Src
ProjectManager.MultiThreaded=true
ProjectManager.NoMain=false
ProjectManager.PreviousToolchain=
ProjectManager.ProjectBuild=false
ProjectManager.ProjectFileName=wifi_bt_tester.ioc
ProjectManager.ProjectName=wifi_bt_tester
ProjectManager.ProjectStructure=M7\:CortexM7 Project\:true;M4\:CortexM4 Project\:true;
ProjectManager.RegisterCallBack=LPTIM,UART,USART
ProjectManager.StackSize=M4-0x400,M7-0x2000
ProjectManager.TargetToolchain=STM32CubeIDE
ProjectManager.ThreadSafeStrategy=CortexM7\:FreeRtosStrategy5,
ProjectManager.ToolChainLocation=
ProjectManager.UAScriptAfterPath=
ProjectManager.UAScriptBeforePath=
ProjectManager.UnderRoot=false
ProjectManager.functionlistsort=1-SystemClock_Config-RCC-false-HAL-false-CortexM7,2-MX_GPIO_Init-GPIO-false-HAL-true-CortexM7,3-MX_DMA_Init-DMA-false-HAL-true-CortexM7,4-MX_LPTIM1_Init-LPTIM1-false-HAL-true-CortexM7,5-MX_SDMMC1_SD_Init-SDMMC1-true-HAL-false-CortexM7,6-MX_USART2_UART_Init-USART2-false-HAL-true-CortexM7,7-MX_USART3_UART_Init-USART3-false-HAL-true-CortexM7,8-MX_RNG_Init-RNG-false-HAL-true-CortexM7,9-MX_FREERTOS_Init-FREERTOS_M7-false-HAL-false-CortexM7,10-MX_MBEDTLS_Init-MBEDTLS-false-HAL-false-CortexM7,1-MX_DMA_Init-DMA-false-HAL-true-CortexM4,0-MX_CORTEX_M7_Init-CORTEX_M7-false-HAL-true-CortexM7,0-MX_CORTEX_M4_Init-CORTEX_M4-false-HAL-true-CortexM4
RCC.ADCFreq_Value=16125000
RCC.AHB12Freq_Value=75000000
RCC.AHB4Freq_Value=75000000
RCC.APB1Freq_Value=37500000
RCC.APB2Freq_Value=37500000
RCC.APB3Freq_Value=37500000
RCC.APB4Freq_Value=37500000
RCC.AXIClockFreq_Value=75000000
RCC.CECFreq_Value=32000
RCC.CKPERFreq_Value=64000000
RCC.CPU2Freq_Value=75000000
RCC.CPU2SystikFreq_Value=75000000
RCC.CortexFreq_Value=75000000
RCC.CpuClockFreq_Value=75000000
RCC.D1CPREFreq_Value=75000000
RCC.D1PPRE=RCC_APB3_DIV2
RCC.D2PPRE1=RCC_APB1_DIV2
RCC.D2PPRE2=RCC_APB2_DIV2
RCC.D3PPRE=RCC_APB4_DIV2
RCC.DFSDMACLkFreq_Value=75000000
RCC.DFSDMFreq_Value=37500000
RCC.DIVM1=1
RCC.DIVM3=1
RCC.DIVN1=18
RCC.DIVN3=18
RCC.DIVP1Freq_Value=75000000
RCC.DIVP2Freq_Value=16125000
RCC.DIVP3Freq_Value=75000000
RCC.DIVQ1Freq_Value=75000000
RCC.DIVQ2Freq_Value=16125000
RCC.DIVQ3=3
RCC.DIVQ3Freq_Value=50000000
RCC.DIVR1Freq_Value=75000000
RCC.DIVR2Freq_Value=16125000
RCC.DIVR3Freq_Value=75000000
RCC.FDCANFreq_Value=75000000
RCC.FMCFreq_Value=75000000
RCC.FamilyName=M
RCC.HCLK3ClockFreq_Value=75000000
RCC.HCLKFreq_Value=75000000
RCC.HRTIMFreq_Value=75000000
RCC.HSE_VALUE=8000000
RCC.I2C123Freq_Value=37500000
RCC.I2C4Freq_Value=37500000
RCC.IPParameters=ADCFreq_Value,AHB12Freq_Value,AHB4Freq_Value,APB1Freq_Value,APB2Freq_Value,APB3Freq_Value,APB4Freq_Value,AXIClockFreq_Value,CECFreq_Value,CKPERFreq_Value,CPU2Freq_Value,CPU2SystikFreq_Value,CortexFreq_Value,CpuClockFreq_Value,D1CPREFreq_Value,D1PPRE,D2PPRE1,D2PPRE2,D3PPRE,DFSDMACLkFreq_Value,DFSDMFreq_Value,DIVM1,DIVM3,DIVN1,DIVN3,DIVP1Freq_Value,DIVP2Freq_Value,DIVP3Freq_Value,DIVQ1Freq_Value,DIVQ2Freq_Value,DIVQ3,DIVQ3Freq_Value,DIVR1Freq_Value,DIVR2Freq_Value,DIVR3Freq_Value,FDCANFreq_Value,FMCFreq_Value,FamilyName,HCLK3ClockFreq_Value,HCLKFreq_Value,HRTIMFreq_Value,HSE_VALUE,I2C123Freq_Value,I2C4Freq_Value,LPTIM1CLockSelection,LPTIM1Freq_Value,LPTIM2Freq_Value,LPTIM345Freq_Value,LPUART1Freq_Value,LTDCFreq_Value,MCO1PinFreq_Value,MCO2PinFreq_Value,PLL2FRACN,PLL3FRACN,PLLFRACN,PLLSourceVirtual,QSPIFreq_Value,RNGFreq_Value,RTCFreq_Value,SAI1Freq_Value,SAI23Freq_Value,SAI4AFreq_Value,SAI4BFreq_Value,SDMMCFreq_Value,SPDIFRXFreq_Value,SPI123Freq_Value,SPI45Freq_Value,SPI6Freq_Value,SWPMI1Freq_Value,SYSCLKFreq_VALUE,SYSCLKSource,SupplySource,Tim1OutputFreq_Value,Tim2OutputFreq_Value,TraceFreq_Value,USART16Freq_Value,USART234578Freq_Value,USBCLockSelection,USBFreq_Value,VCO1OutputFreq_Value,VCO2OutputFreq_Value,VCO3OutputFreq_Value,VCOInput1Freq_Value,VCOInput2Freq_Value,VCOInput3Freq_Value
RCC.LPTIM1CLockSelection=RCC_LPTIM1CLKSOURCE_LSE
RCC.LPTIM1Freq_Value=32768
RCC.LPTIM2Freq_Value=37500000
RCC.LPTIM345Freq_Value=37500000
RCC.LPUART1Freq_Value=37500000
RCC.LTDCFreq_Value=75000000
RCC.MCO1PinFreq_Value=64000000
RCC.MCO2PinFreq_Value=75000000
RCC.PLL2FRACN=0
RCC.PLL3FRACN=6144
RCC.PLLFRACN=6144
RCC.PLLSourceVirtual=RCC_PLLSOURCE_HSE
RCC.QSPIFreq_Value=75000000
RCC.RNGFreq_Value=48000000
RCC.RTCFreq_Value=32000
RCC.SAI1Freq_Value=75000000
RCC.SAI23Freq_Value=75000000
RCC.SAI4AFreq_Value=75000000
RCC.SAI4BFreq_Value=75000000
RCC.SDMMCFreq_Value=75000000
RCC.SPDIFRXFreq_Value=75000000
RCC.SPI123Freq_Value=75000000
RCC.SPI45Freq_Value=37500000
RCC.SPI6Freq_Value=37500000
RCC.SWPMI1Freq_Value=37500000
RCC.SYSCLKFreq_VALUE=75000000
RCC.SYSCLKSource=RCC_SYSCLKSOURCE_PLLCLK
RCC.SupplySource=PWR_DIRECT_SMPS_SUPPLY
RCC.Tim1OutputFreq_Value=75000000
RCC.Tim2OutputFreq_Value=75000000
RCC.TraceFreq_Value=64000000
RCC.USART16Freq_Value=37500000
RCC.USART234578Freq_Value=37500000
RCC.USBCLockSelection=RCC_USBCLKSOURCE_PLL3
RCC.USBFreq_Value=50000000
RCC.VCO1OutputFreq_Value=150000000
RCC.VCO2OutputFreq_Value=32250000
RCC.VCO3OutputFreq_Value=150000000
RCC.VCOInput1Freq_Value=8000000
RCC.VCOInput2Freq_Value=250000
RCC.VCOInput3Freq_Value=8000000
SH.GPXTI1.0=GPIO_EXTI1
SH.GPXTI1.ConfNb=1
SH.GPXTI7.0=GPIO_EXTI7
SH.GPXTI7.ConfNb=1
USART2.IPParameters=VirtualMode-Asynchronous
USART2.VirtualMode-Asynchronous=VM_ASYNC
USART3.FIFOMode=FIFOMODE_ENABLE
USART3.IPParameters=VirtualMode-Asynchronous,FIFOMode
USART3.VirtualMode-Asynchronous=VM_ASYNC
VP_FREERTOS_M7_VS_CMSIS_V2.Mode=CMSIS_V2
VP_FREERTOS_M7_VS_CMSIS_V2.Signal=FREERTOS_M7_VS_CMSIS_V2
VP_Infineon.AIROC-Wi-Fi-Bluetooth-STM32_M7_VS_WirelessJjConnectivity_1.8.0_1.8.0.Mode=WirelessJjConnectivity
VP_Infineon.AIROC-Wi-Fi-Bluetooth-STM32_M7_VS_WirelessJjConnectivity_1.8.0_1.8.0.Signal=Infineon.AIROC-Wi-Fi-Bluetooth-STM32_M7_VS_WirelessJjConnectivity_1.8.0_1.8.0
VP_LPTIM1_VS_LPTIM_counterModeInternalClock.Mode=Counts__internal_clock_event_00
VP_LPTIM1_VS_LPTIM_counterModeInternalClock.Signal=LPTIM1_VS_LPTIM_counterModeInternalClock
VP_MBEDTLS_VS_MBEDTLS.Mode=Enabled
VP_MBEDTLS_VS_MBEDTLS.Signal=MBEDTLS_VS_MBEDTLS
VP_RNG_VS_RNG.Mode=RNG_Activate
VP_RNG_VS_RNG.Signal=RNG_VS_RNG
VP_SYS_M4_VS_Systick.Mode=SysTick
VP_SYS_M4_VS_Systick.Signal=SYS_M4_VS_Systick
VP_SYS_VS_tim6.Mode=TIM6
VP_SYS_VS_tim6.Signal=SYS_VS_tim6
board=NUCLEO-H745ZI-Q
boardIOC=true
rtos.0.ip=FREERTOS_M7
